{
  "name": "celebrate-email",
  "version": "0.1.0",
  "lockfileVersion": 3,
  "requires": true,
  "packages": {
    "": {
      "name": "celebrate-email",
      "version": "0.1.0",
      "dependencies": {
        "exifr": "^7.1.3",
        "mailparser": "^3.7.1",
        "music-metadata": "^11.13.0"
      }
    },
    "node_modules/@borewit/text-codec": {
      "version": "0.2.2",
      "resolved": "https://registry.npmjs.org/@borewit/text-codec/-/text-codec-0.2.2.tgz",
      "integrity": "sha512-DDaRehssg1aNrH4+2hnj1B7vnUGEjU6OIlyRdkMd0aUdIUvKXrJfXsy8LVtXAy7DRvYVluWbMspsRhz2lcW0mQ==",
      "license": "MIT",
      "funding": {
        "type": "github",
        "url": "https://github.com/sponsors/Borewit"
      }
    },
    "node_modules/@selderee/plugin-htmlparser2": {
      "version": "0.12.0",
      "resolved": "https://registry.npmjs.org/@selderee/plugin-htmlparser2/-/plugin-htmlparser2-0.12.0.tgz",
      "integrity": "sha512-oELmoyA6ML9jDRMV3kgcMQFKxUfBU0yFVn6yTctVaLT5ygXnxH52I3TZEgV9EhXJC68/uFvE5Daj1/25c0Xa/A==",
      "license": "MIT",
      "dependencies": {
        "domelementtype": "~2.3.0",
        "domhandler": "~5.0.3"
      },
      "funding": {
        "url": "https://github.com/sponsors/KillyMXI"
      },
      "peerDependencies": {
        "selderee": "~0.12.0"
      }
    },
    "node_modules/@tokenizer/inflate": {
      "version": "0.4.1",
      "resolved": "https://registry.npmjs.org/@tokenizer/inflate/-/inflate-0.4.1.tgz",
      "integrity": "sha512-2mAv+8pkG6GIZiF1kNg1jAjh27IDxEPKwdGul3snfztFerfPGI1LjDezZp3i7BElXompqEtPmoPx6c2wgtWsOA==",
      "license": "MIT",
      "dependencies": {
        "debug": "^4.4.3",
        "token-types": "^6.1.1"
      },
      "engines": {
        "node": ">=18"
      },
      "funding": {
        "type": "github",
        "url": "https://github.com/sponsors/Borewit"
      }
    },
    "node_modules/@tokenizer/token": {
      "version": "0.3.0",
      "resolved": "https://registry.npmjs.org/@tokenizer/token/-/token-0.3.0.tgz",
      "integrity": "sha512-OvjF+z51L3ov0OyAU0duzsYuvO01PH7x4t6DJx+guahgTnBHkhJdG7soQeTSFLWN3efnHyibZ4Z8l2EuWwJN3A==",
      "license": "MIT"
    },
    "node_modules/@zone-eu/mailsplit": {
      "version": "5.4.12",
      "resolved": "https://registry.npmjs.org/@zone-eu/mailsplit/-/mailsplit-5.4.12.tgz",
      "integrity": "sha512-w7Gy+NvjZ0MiXm8F6zfjImAqcTONKDImgWVBjDKQVFUXWuz3VFM5levNArkL2M877ajql5+bkS2pDV56injlmg==",
      "license": "(MIT OR EUPL-1.1+)",
      "dependencies": {
        "libbase64": "1.3.0",
        "libmime": "5.3.8",
        "libqp": "2.1.1"
      }
    },
    "node_modules/content-type": {
      "version": "2.0.0",
      "resolved": "https://registry.npmjs.org/content-type/-/content-type-2.0.0.tgz",
      "integrity": "sha512-j/O/d7GcZCyNl7/hwZAb606rzqkyvaDctLmckbxLzHvFBzTJHuGEdodATcP3yIRoDrLHkIATJuvzbFlp/ki2cQ==",
      "license": "MIT",
      "engines": {
        "node": ">=18"
      },
      "funding": {
        "type": "opencollective",
        "url": "https://opencollective.com/express"
      }
    },
    "node_modules/debug": {
      "version": "4.4.3",
      "resolved": "https://registry.npmjs.org/debug/-/debug-4.4.3.tgz",
      "integrity": "sha512-RGwwWnwQvkVfavKVt22FGLw+xYSdzARwm0ru6DhTVA3umU5hZc28V3kO4stgYryrTlLpuvgI9GiijltAjNbcqA==",
      "license": "MIT",
      "dependencies": {
        "ms": "^2.1.3"
      },
      "engines": {
        "node": ">=6.0"
      },
      "peerDependenciesMeta": {
        "supports-color": {
          "optional": true
        }
      }
    },
    "node_modules/deepmerge-ts": {
      "version": "7.1.5",
      "resolved": "https://registry.npmjs.org/deepmerge-ts/-/deepmerge-ts-7.1.5.tgz",
      "integrity": "sha512-HOJkrhaYsweh+W+e74Yn7YStZOilkoPb6fycpwNLKzSPtruFs48nYis0zy5yJz1+ktUhHxoRDJ27RQAWLIJVJw==",
      "license": "BSD-3-Clause",
      "engines": {
        "node": ">=16.0.0"
      }
    },
    "node_modules/dom-serializer": {
      "version": "2.0.0",
      "resolved": "https://registry.npmjs.org/dom-serializer/-/dom-serializer-2.0.0.tgz",
      "integrity": "sha512-wIkAryiqt/nV5EQKqQpo3SToSOV9J0DnbJqwK7Wv/Trc92zIAYZ4FlMu+JPFW1DfGFt81ZTCGgDEabffXeLyJg==",
      "license": "MIT",
      "dependencies": {
        "domelementtype": "^2.3.0",
        "domhandler": "^5.0.2",
        "entities": "^4.2.0"
      },
      "funding": {
        "url": "https://github.com/cheeriojs/dom-serializer?sponsor=1"
      }
    },
    "node_modules/domelementtype": {
      "version": "2.3.0",
      "resolved": "https://registry.npmjs.org/domelementtype/-/domelementtype-2.3.0.tgz",
      "integrity": "sha512-OLETBj6w0OsagBwdXnPdN0cnMfF9opN69co+7ZrbfPGrdpPVNBUj02spi6B1N7wChLQiPn4CSH/zJvXw56gmHw==",
      "funding": [
        {
          "type": "github",
          "url": "https://github.com/sponsors/fb55"
        }
      ],
      "license": "BSD-2-Clause"
    },
    "node_modules/domhandler": {
      "version": "5.0.3",
      "resolved": "https://registry.npmjs.org/domhandler/-/domhandler-5.0.3.tgz",
      "integrity": "sha512-cgwlv/1iFQiFnU96XXgROh8xTeetsnJiDsTc7TYCLFd9+/WNkIqPTxiM/8pSd8VIrhXGTf1Ny1q1hquVqDJB5w==",
      "license": "BSD-2-Clause",
      "dependencies": {
        "domelementtype": "^2.3.0"
      },
      "engines": {
        "node": ">= 4"
      },
      "funding": {
        "url": "https://github.com/fb55/domhandler?sponsor=1"
      }
    },
    "node_modules/domutils": {
      "version": "3.2.2",
      "resolved": "https://registry.npmjs.org/domutils/-/domutils-3.2.2.tgz",
      "integrity": "sha512-6kZKyUajlDuqlHKVX1w7gyslj9MPIXzIFiz/rGu35uC1wMi+kMhQwGhl4lt9unC9Vb9INnY9Z3/ZA3+FhASLaw==",
      "license": "BSD-2-Clause",
      "dependencies": {
        "dom-serializer": "^2.0.0",
        "domelementtype": "^2.3.0",
        "domhandler": "^5.0.3"
      },
      "funding": {
        "url": "https://github.com/fb55/domutils?sponsor=1"
      }
    },
    "node_modules/encoding-japanese": {
      "version": "2.2.0",
      "resolved": "https://registry.npmjs.org/encoding-japanese/-/encoding-japanese-2.2.0.tgz",
      "integrity": "sha512-EuJWwlHPZ1LbADuKTClvHtwbaFn4rOD+dRAbWysqEOXRc2Uui0hJInNJrsdH0c+OhJA4nrCBdSkW4DD5YxAo6A==",
      "license": "MIT",
      "engines": {
        "node": ">=8.10.0"
      }
    },
    "node_modules/entities": {
      "version": "4.5.0",
      "resolved": "https://registry.npmjs.org/entities/-/entities-4.5.0.tgz",
      "integrity": "sha512-V0hjH4dGPh9Ao5p0MoRY6BVqtwCjhz6vI5LT8AJ55H+4g9/4vbHx1I54fS0XuclLhDHArPQCiMjDxjaL8fPxhw==",
      "license": "BSD-2-Clause",
      "engines": {
        "node": ">=0.12"
      },
      "funding": {
        "url": "https://github.com/fb55/entities?sponsor=1"
      }
    },
    "node_modules/exifr": {
      "version": "7.1.3",
      "resolved": "https://registry.npmjs.org/exifr/-/exifr-7.1.3.tgz",
      "integrity": "sha512-g/aje2noHivrRSLbAUtBPWFbxKdKhgj/xr1vATDdUXPOFYJlQ62Ft0oy+72V6XLIpDJfHs6gXLbBLAolqOXYRw==",
      "license": "MIT"
    },
    "node_modules/file-type": {
      "version": "21.3.4",
      "resolved": "https://registry.npmjs.org/file-type/-/file-type-21.3.4.tgz",
      "integrity": "sha512-Ievi/yy8DS3ygGvT47PjSfdFoX+2isQueoYP1cntFW1JLYAuS4GD7NUPGg4zv2iZfV52uDyk5w5Z0TdpRS6Q1g==",
      "license": "MIT",
      "dependencies": {
        "@tokenizer/inflate": "^0.4.1",
        "strtok3": "^10.3.4",
        "token-types": "^6.1.1",
        "uint8array-extras": "^1.4.0"
      },
      "engines": {
        "node": ">=20"
      },
      "funding": {
        "url": "https://github.com/sindresorhus/file-type?sponsor=1"
      }
    },
    "node_modules/he": {
      "version": "1.2.0",
      "resolved": "https://registry.npmjs.org/he/-/he-1.2.0.tgz",
      "integrity": "sha512-F/1DnUGPopORZi0ni+CvrCgHQ5FyEAHRLSApuYWMmrbSwoN2Mn/7k+Gl38gJnR7yyDZk6WLXwiGod1JOWNDKGw==",
      "license": "MIT",
      "bin": {
        "he": "bin/he"
      }
    },
    "node_modules/html-to-text": {
      "version": "10.0.0",
      "resolved": "https://registry.npmjs.org/html-to-text/-/html-to-text-10.0.0.tgz",
      "integrity": "sha512-2OH59Gtprdczel+7Rxgpz9hGVJREaf8Lt1H4kZwWHpEn70VQKRuMNGsb2eDbwaTzrYzb0hheiOG1P7Dim0B4dQ==",
      "license": "MIT",
      "dependencies": {
        "@selderee/plugin-htmlparser2": "~0.12.0",
        "deepmerge-ts": "^7.1.5",
        "dom-serializer": "^2.0.0",
        "htmlparser2": "^10.1.0",
        "selderee": "~0.12.0"
      },
      "engines": {
        "node": ">=20.19.0"
      },
      "funding": {
        "url": "https://github.com/sponsors/KillyMXI"
      }
    },
    "node_modules/htmlparser2": {
      "version": "10.1.0",
      "resolved": "https://registry.npmjs.org/htmlparser2/-/htmlparser2-10.1.0.tgz",
      "integrity": "sha512-VTZkM9GWRAtEpveh7MSF6SjjrpNVNNVJfFup7xTY3UpFtm67foy9HDVXneLtFVt4pMz5kZtgNcvCniNFb1hlEQ==",
      "funding": [
        "https://github.com/fb55/htmlparser2?sponsor=1",
        {
          "type": "github",
          "url": "https://github.com/sponsors/fb55"
        }
      ],
      "license": "MIT",
      "dependencies": {
        "domelementtype": "^2.3.0",
        "domhandler": "^5.0.3",
        "domutils": "^3.2.2",
        "entities": "^7.0.1"
      }
    },
    "node_modules/htmlparser2/node_modules/entities": {
      "version": "7.0.1",
      "resolved": "https://registry.npmjs.org/entities/-/entities-7.0.1.tgz",
      "integrity": "sha512-TWrgLOFUQTH994YUyl1yT4uyavY5nNB5muff+RtWaqNVCAK408b5ZnnbNAUEWLTCpum9w6arT70i1XdQ4UeOPA==",
      "license": "BSD-2-Clause",
      "engines": {
        "node": ">=0.12"
      },
      "funding": {
        "url": "https://github.com/fb55/entities?sponsor=1"
      }
    },
    "node_modules/iconv-lite": {
      "version": "0.7.2",
      "resolved": "https://registry.npmjs.org/iconv-lite/-/iconv-lite-0.7.2.tgz",
      "integrity": "sha512-im9DjEDQ55s9fL4EYzOAv0yMqmMBSZp6G0VvFyTMPKWxiSBHUj9NW/qqLmXUwXrrM7AvqSlTCfvqRb0cM8yYqw==",
      "license": "MIT",
      "dependencies": {
        "safer-buffer": ">= 2.1.2 < 3.0.0"
      },
      "engines": {
        "node": ">=0.10.0"
      },
      "funding": {
        "type": "opencollective",
        "url": "https://opencollective.com/express"
      }
    },
    "node_modules/ieee754": {
      "version": "1.2.1",
      "resolved": "https://registry.npmjs.org/ieee754/-/ieee754-1.2.1.tgz",
      "integrity": "sha512-dcyqhDvX1C46lXZcVqCpK+FtMRQVdIMN6/Df5js2zouUsqG7I6sFxitIC+7KYK29KdXOLHdu9zL4sFnoVQnqaA==",
      "funding": [
        {
          "type": "github",
          "url": "https://github.com/sponsors/feross"
        },
        {
          "type": "patreon",
          "url": "https://www.patreon.com/feross"
        },
        {
          "type": "consulting",
          "url": "https://feross.org/support"
        }
      ],
      "license": "BSD-3-Clause"
    },
    "node_modules/leac": {
      "version": "0.7.0",
      "resolved": "https://registry.npmjs.org/leac/-/leac-0.7.0.tgz",
      "integrity": "sha512-qMrZeyEekgdRQ9o6a4NAB2EQZrv827GJdn1vnapwSJ90hWRB4TzUSunvacPkxQ2TnNqHNI1/zSt0hlo0crG8Jw==",
      "license": "MIT",
      "funding": {
        "url": "https://github.com/sponsors/KillyMXI"
      }
    },
    "node_modules/libbase64": {
      "version": "1.3.0",
      "resolved": "https://registry.npmjs.org/libbase64/-/libbase64-1.3.0.tgz",
      "integrity": "sha512-GgOXd0Eo6phYgh0DJtjQ2tO8dc0IVINtZJeARPeiIJqge+HdsWSuaDTe8ztQ7j/cONByDZ3zeB325AHiv5O0dg==",
      "license": "MIT"
    },
    "node_modules/libmime": {
      "version": "5.3.8",
      "resolved": "https://registry.npmjs.org/libmime/-/libmime-5.3.8.tgz",
      "integrity": "sha512-ZrCY+Q66mPvasAfjsQ/IgahzoBvfE1VdtGRpo1hwRB1oK3wJKxhKA3GOcd2a6j7AH5eMFccxK9fBoCpRZTf8ng==",
      "license": "MIT",
      "dependencies": {
        "encoding-japanese": "2.2.0",
        "iconv-lite": "0.7.2",
        "libbase64": "1.3.0",
        "libqp": "2.1.1"
      }
    },
    "node_modules/libqp": {
      "version": "2.1.1",
      "resolved": "https://registry.npmjs.org/libqp/-/libqp-2.1.1.tgz",
      "integrity": "sha512-0Wd+GPz1O134cP62YU2GTOPNA7Qgl09XwCqM5zpBv87ERCXdfDtyKXvV7c9U22yWJh44QZqBocFnXN11K96qow==",
      "license": "MIT"
    },
    "node_modules/linkify-it": {
      "version": "5.0.1",
      "resolved": "https://registry.npmjs.org/linkify-it/-/linkify-it-5.0.1.tgz",
      "integrity": "sha512-wVoTjP4Q6R0NW5hiZkVJaFZPWgtXfoGF+6LucL3/FtiNjmcHhYjEr5f1Kqjirc1nBW07J/ZuRFumqr2oqccEWg==",
      "funding": [
        {
          "type": "github",
          "url": "https://github.com/sponsors/puzrin"
        },
        {
          "type": "github",
          "url": "https://github.com/sponsors/markdown-it"
        }
      ],
      "license": "MIT",
      "dependencies": {
        "uc.micro": "^2.0.0"
      }
    },
    "node_modules/mailparser": {
      "version": "3.9.11",
      "resolved": "https://registry.npmjs.org/mailparser/-/mailparser-3.9.11.tgz",
      "integrity": "sha512-N1LPZwp1yVblJQukv5NAedlkHeA+PmZYdPCfk0Uwohn8JFOM8fYoUGF978qwlQcd3AlUleuzK0fu/EFAHPM9tg==",
      "license": "MIT",
      "dependencies": {
        "@zone-eu/mailsplit": "5.4.12",
        "encoding-japanese": "2.2.0",
        "he": "1.2.0",
        "html-to-text": "10.0.0",
        "iconv-lite": "0.7.2",
        "libmime": "5.3.8",
        "linkify-it": "5.0.1",
        "nodemailer": "9.0.1",
        "punycode.js": "2.3.1",
        "tlds": "1.261.0"
      }
    },
    "node_modules/media-typer": {
      "version": "2.0.0",
      "resolved": "https://registry.npmjs.org/media-typer/-/media-typer-2.0.0.tgz",
      "integrity": "sha512-kOy3OxT2HH39N70UnKgu4NWDZjLOz8W/mfyvniHjRH/DrL3f2pOfvWQ4p60offbbtDAnXWp0v9LfMIqMec269Q==",
      "license": "MIT",
      "engines": {
        "node": ">=18"
      },
      "funding": {
        "type": "opencollective",
        "url": "https://opencollective.com/express"
      }
    },
    "node_modules/ms": {
      "version": "2.1.3",
      "resolved": "https://registry.npmjs.org/ms/-/ms-2.1.3.tgz",
      "integrity": "sha512-6FlzubTLZG3J2a/NVCAleEhjzq5oxgHyaCU9yYXvcLsvoVaHJq/s5xXI6/XXP6tz7R9xAOtHnSO/tXtF3WRTlA==",
      "license": "MIT"
    },
    "node_modules/music-metadata": {
      "version": "11.13.0",
      "resolved": "https://registry.npmjs.org/music-metadata/-/music-metadata-11.13.0.tgz",
      "integrity": "sha512-uXRaov9dfjSpQufXIU7sMxVZnh+FilCQv2mXn+K5EJ/decP3dTWrgvPYa5r6MtRbieNSCE708Da4J0u1UGfQIw==",
      "funding": [
        {
          "type": "github",
          "url": "https://github.com/sponsors/Borewit"
        },
        {
          "type": "buymeacoffee",
          "url": "https://buymeacoffee.com/borewit"
        }
      ],
      "license": "MIT",
      "dependencies": {
        "@borewit/text-codec": "^0.2.2",
        "@tokenizer/token": "^0.3.0",
        "content-type": "^2.0.0",
        "debug": "^4.4.3",
        "file-type": "^21.3.4",
        "media-typer": "^2.0.0",
        "strtok3": "^10.3.5",
        "token-types": "^6.1.2",
        "uint8array-extras": "^1.5.0",
        "win-guid": "^0.2.1"
      },
      "engines": {
        "node": ">=18"
      }
    },
    "node_modules/nodemailer": {
      "version": "9.0.1",
      "resolved": "https://registry.npmjs.org/nodemailer/-/nodemailer-9.0.1.tgz",
      "integrity": "sha512-Gwv8SQewT616ZM/URn0H54b8PWo/Wum7md3EW2aWy1lO27+WZCX+Xyak3J+NlmHUjDh5ME+uesJUDRbR3Ye8Bw==",
      "license": "MIT-0",
      "engines": {
        "node": ">=6.0.0"
      }
    },
    "node_modules/parseley": {
      "version": "0.13.1",
      "resolved": "https://registry.npmjs.org/parseley/-/parseley-0.13.1.tgz",
      "integrity": "sha512-uNBJZzmb60l6p6VWLTmevizNAGnE0xoSf1n0B4q3ntegDNzcS68NRCcBDZTcyXHxt2XhBChsCuqj4M+nChvE/A==",
      "license": "MIT",
      "dependencies": {
        "leac": "^0.7.0",
        "peberminta": "^0.10.0"
      },
      "funding": {
        "url": "https://github.com/sponsors/KillyMXI"
      }
    },
    "node_modules/peberminta": {
      "version": "0.10.0",
      "resolved": "https://registry.npmjs.org/peberminta/-/peberminta-0.10.0.tgz",
      "integrity": "sha512-80B2AsU+I4Qdb0ZAPSfe9UwvGzwkM37IKIFEvdS3D/3Ndgv2bsuJ0bfG1+iEYO+l7Gfd4EUJmuRyq7efLgRMzQ==",
      "license": "MIT",
      "funding": {
        "url": "https://github.com/sponsors/KillyMXI"
      }
    },
    "node_modules/punycode.js": {
      "version": "2.3.1",
      "resolved": "https://registry.npmjs.org/punycode.js/-/punycode.js-2.3.1.tgz",
      "integrity": "sha512-uxFIHU0YlHYhDQtV4R9J6a52SLx28BCjT+4ieh7IGbgwVJWO+km431c4yRlREUAsAmt/uMjQUyQHNEPf0M39CA==",
      "license": "MIT",
      "engines": {
        "node": ">=6"
      }
    },
    "node_modules/safer-buffer": {
      "version": "2.1.2",
      "resolved": "https://registry.npmjs.org/safer-buffer/-/safer-buffer-2.1.2.tgz",
      "integrity": "sha512-YZo3K82SD7Riyi0E1EQPojLz7kpepnSQI9IyPbHHg1XXXevb5dJI7tpyN2ADxGcQbHG7vcyRHk0cbwqcQriUtg==",
      "license": "MIT"
    },
    "node_modules/selderee": {
      "version": "0.12.0",
      "resolved": "https://registry.npmjs.org/selderee/-/selderee-0.12.0.tgz",
      "integrity": "sha512-b1YMh3+DHZp59DLna3qVwQ5iOla/nrI6mLBNW02XxU77M3046Df6VLkoaJyFz20VsGIG5kkp+FK0kg4K4HnUFw==",
      "license": "MIT",
      "dependencies": {
        "parseley": "~0.13.1"
      },
      "funding": {
        "url": "https://github.com/sponsors/KillyMXI"
      }
    },
    "node_modules/strtok3": {
      "version": "10.3.5",
      "resolved": "https://registry.npmjs.org/strtok3/-/strtok3-10.3.5.tgz",
      "integrity": "sha512-ki4hZQfh5rX0QDLLkOCj+h+CVNkqmp/CMf8v8kZpkNVK6jGQooMytqzLZYUVYIZcFZ6yDB70EfD8POcFXiF5oA==",
      "license": "MIT",
      "dependencies": {
        "@tokenizer/token": "^0.3.0"
      },
      "engines": {
        "node": ">=18"
      },
      "funding": {
        "type": "github",
        "url": "https://github.com/sponsors/Borewit"
      }
    },
    "node_modules/tlds": {
      "version": "1.261.0",
      "resolved": "https://registry.npmjs.org/tlds/-/tlds-1.261.0.tgz",
      "integrity": "sha512-QXqwfEl9ddlGBaRFXIvNKK6OhipSiLXuRuLJX5DErz0o0Q0rYxulWLdFryTkV5PkdZct5iMInwYEGe/eR++1AA==",
      "license": "MIT",
      "bin": {
        "tlds": "bin.js"
      }
    },
    "node_modules/token-types": {
      "version": "6.1.2",
      "resolved": "https://registry.npmjs.org/token-types/-/token-types-6.1.2.tgz",
      "integrity": "sha512-dRXchy+C0IgK8WPC6xvCHFRIWYUbqqdEIKPaKo/AcTUNzwLTK6AH7RjdLWsEZcAN/TBdtfUw3PYEgPr5VPr6ww==",
      "license": "MIT",
      "dependencies": {
        "@borewit/text-codec": "^0.2.1",
        "@tokenizer/token": "^0.3.0",
        "ieee754": "^1.2.1"
      },
      "engines": {
        "node": ">=14.16"
      },
      "funding": {
        "type": "github",
        "url": "https://github.com/sponsors/Borewit"
      }
    },
    "node_modules/uc.micro": {
      "version": "2.1.0",
      "resolved": "https://registry.npmjs.org/uc.micro/-/uc.micro-2.1.0.tgz",
      "integrity": "sha512-ARDJmphmdvUk6Glw7y9DQ2bFkKBHwQHLi2lsaH6PPmz/Ka9sFOBsBluozhDltWmnv9u/cF6Rt87znRTPV+yp/A==",
      "license": "MIT"
    },
    "node_modules/uint8array-extras": {
      "version": "1.5.0",
      "resolved": "https://registry.npmjs.org/uint8array-extras/-/uint8array-extras-1.5.0.tgz",
      "integrity": "sha512-rvKSBiC5zqCCiDZ9kAOszZcDvdAHwwIKJG33Ykj43OKcWsnmcBRL09YTU4nOeHZ8Y2a7l1MgTd08SBe9A8Qj6A==",
      "license": "MIT",
      "engines": {
        "node": ">=18"
      },
      "funding": {
        "url": "https://github.com/sponsors/sindresorhus"
      }
    },
    "node_modules/win-guid": {
      "version": "0.2.1",
      "resolved": "https://registry.npmjs.org/win-guid/-/win-guid-0.2.1.tgz",
      "integrity": "sha512-gEIQU4mkgl2OPeoNrWflcJFJ3Ae2BPd4eCsHHA/XikslkIVms/nHhvnvzIZV7VLmBvtFlDOzLt9rrZT+n6D67A==",
      "license": "MIT"
    }
  }
}
